# This file is autogenerated, do not edit; changes may be undone by the next 'dep ensure'.


[[projects]]
  branch = "master"
  name = "github.com/GeertJohan/cgo.wchar"
  packages = ["."]
  revision = "a0ecb6cbd4aca3df15c391d95d087d92e5eeb8f7"

[[projects]]
  branch = "master"
  name = "github.com/GeertJohan/go.hid"
  packages = ["."]
  revision = "cd5395e4d58196799fb6a6841112bf1ccb8eb5b1"

[solve-meta]
  analyzer-name = "dep"
  analyzer-version = 1
  inputs-digest = "ed6cd506c3e1f38de97fefa80238734a8d00c1248c9f89ae3c89e8253d01b05f"
  solver-name = "gps-cdcl"
  solver-version = 1
