# This file is autogenerated, do not edit; changes may be undone by the next 'dep ensure'.


[[projects]]
  branch = "master"
  name = "github.com/karalabe/hid"
  packages = ["."]
  revision = "f00545f9f3748e591590be3732d913c77525b10f"

[solve-meta]
  analyzer-name = "dep"
  analyzer-version = 1
  inputs-digest = "65012ca0f7180193127e1f18fe0b918b783f26b4c61c6a08f8e7258ac43f4651"
  solver-name = "gps-cdcl"
  solver-version = 1
